
Microsoft Visual Studio Solution File, Format Version 12.00
# Visual Studio Version 17
VisualStudioVersion = 17.0.31903.59
MinimumVisualStudioVersion = 10.0.40219.1
Project("{FAE04EC0-301F-11D3-BF4B-00C04F79EFBC}") = "WindowsFormsApp1", "WindowsFormsApp1\WindowsFormsApp1.csproj", "{16B7689F-A979-4145-8FC5-70552F17F0A4}"
EndProject
Global
	GlobalSection(SolutionConfigurationPlatforms) = preSolution
		Debug|Any CPU = Debug|Any CPU
		Release|Any CPU = Release|Any CPU
	EndGlobalSection
	GlobalSection(ProjectConfigurationPlatforms) = postSolution
		{16B7689F-A979-4145-8FC5-70552F17F0A4}.Debug|Any CPU.ActiveCfg = Debug|Any CPU
		{16B7689F-A979-4145-8FC5-70552F17F0A4}.Debug|Any CPU.Build.0 = Debug|Any CPU
		{16B7689F-A979-4145-8FC5-70552F17F0A4}.Release|Any CPU.ActiveCfg = Release|Any CPU
		{16B7689F-A979-4145-8FC5-70552F17F0A4}.Release|Any CPU.Build.0 = Release|Any CPU
	EndGlobalSection
	GlobalSection(SolutionProperties) = preSolution
		HideSolutionNode = FALSE
	EndGlobalSection
	GlobalSection(ExtensibilityGlobals) = postSolution
		SolutionGuid = {7E06C8A4-B23D-4B5A-B2B1-FADF05BEF819}
	EndGlobalSection
EndGlobal
